
Microsoft Visual Studio Solution File, Format Version 12.00
# Visual Studio Version 17
VisualStudioVersion = 17.12.35707.178 d17.12
MinimumVisualStudioVersion = 10.0.40219.1
Project("{FAE04EC0-301F-11D3-BF4B-00C04F79EFBC}") = "PI_2025_I_EJERCICIO9_TAREA2_GRUPO1", "PI_2025_I_EJERCICIO9_TAREA2_GRUPO1\PI_2025_I_EJERCICIO9_TAREA2_GRUPO1.csproj", "{209CFD67-3911-4A2A-8CE0-88A897B08DBD}"
EndProject
Global
	GlobalSection(SolutionConfigurationPlatforms) = preSolution
		Debug|Any CPU = Debug|Any CPU
		Release|Any CPU = Release|Any CPU
	EndGlobalSection
	GlobalSection(ProjectConfigurationPlatforms) = postSolution
		{209CFD67-3911-4A2A-8CE0-88A897B08DBD}.Debug|Any CPU.ActiveCfg = Debug|Any CPU
		{209CFD67-3911-4A2A-8CE0-88A897B08DBD}.Debug|Any CPU.Build.0 = Debug|Any CPU
		{209CFD67-3911-4A2A-8CE0-88A897B08DBD}.Release|Any CPU.ActiveCfg = Release|Any CPU
		{209CFD67-3911-4A2A-8CE0-88A897B08DBD}.Release|Any CPU.Build.0 = Release|Any CPU
	EndGlobalSection
	GlobalSection(SolutionProperties) = preSolution
		HideSolutionNode = FALSE
	EndGlobalSection
EndGlobal
